
Microsoft Visual Studio Solution File, Format Version 12.00
# Visual Studio Version 16
VisualStudioVersion = 16.0.30204.135
MinimumVisualStudioVersion = 10.0.40219.1
Project("{FAE04EC0-301F-11D3-BF4B-00C04F79EFBC}") = "boggleWordChecker", "boggleWordChecker\boggleWordChecker.csproj", "{52FF3C7B-4BBE-4A07-93E7-DA52FF6E67AD}"
EndProject
Global
	GlobalSection(SolutionConfigurationPlatforms) = preSolution
		Debug|Any CPU = Debug|Any CPU
		Release|Any CPU = Release|Any CPU
	EndGlobalSection
	GlobalSection(ProjectConfigurationPlatforms) = postSolution
		{52FF3C7B-4BBE-4A07-93E7-DA52FF6E67AD}.Debug|Any CPU.ActiveCfg = Debug|Any CPU
		{52FF3C7B-4BBE-4A07-93E7-DA52FF6E67AD}.Debug|Any CPU.Build.0 = Debug|Any CPU
		{52FF3C7B-4BBE-4A07-93E7-DA52FF6E67AD}.Release|Any CPU.ActiveCfg = Release|Any CPU
		{52FF3C7B-4BBE-4A07-93E7-DA52FF6E67AD}.Release|Any CPU.Build.0 = Release|Any CPU
	EndGlobalSection
	GlobalSection(SolutionProperties) = preSolution
		HideSolutionNode = FALSE
	EndGlobalSection
	GlobalSection(ExtensibilityGlobals) = postSolution
		SolutionGuid = {22A04EF2-5219-4D7E-BE87-E96289FB7319}
	EndGlobalSection
EndGlobal
